
Microsoft Visual Studio Solution File, Format Version 12.00
# Visual Studio 2012
Project("{CC5FD16D-436D-48AD-A40C-5A424C6E3E79}") = "MacGym", "MacGym\MacGym.ccproj", "{B669071B-1F59-4193-8996-C85BA0EC8333}"
EndProject
Project("{FAE04EC0-301F-11D3-BF4B-00C04F79EFBC}") = "MacGym_WebRole", "MacGym_WebRole\MacGym_WebRole.csproj", "{7135820E-1F8B-480B-8B6B-F4E725C83D18}"
EndProject
Global
	GlobalSection(SolutionConfigurationPlatforms) = preSolution
		Debug|Any CPU = Debug|Any CPU
		Release|Any CPU = Release|Any CPU
	EndGlobalSection
	GlobalSection(ProjectConfigurationPlatforms) = postSolution
		{B669071B-1F59-4193-8996-C85BA0EC8333}.Debug|Any CPU.ActiveCfg = Debug|Any CPU
		{B669071B-1F59-4193-8996-C85BA0EC8333}.Debug|Any CPU.Build.0 = Debug|Any CPU
		{B669071B-1F59-4193-8996-C85BA0EC8333}.Release|Any CPU.ActiveCfg = Release|Any CPU
		{B669071B-1F59-4193-8996-C85BA0EC8333}.Release|Any CPU.Build.0 = Release|Any CPU
		{7135820E-1F8B-480B-8B6B-F4E725C83D18}.Debug|Any CPU.ActiveCfg = Debug|Any CPU
		{7135820E-1F8B-480B-8B6B-F4E725C83D18}.Debug|Any CPU.Build.0 = Debug|Any CPU
		{7135820E-1F8B-480B-8B6B-F4E725C83D18}.Release|Any CPU.ActiveCfg = Release|Any CPU
		{7135820E-1F8B-480B-8B6B-F4E725C83D18}.Release|Any CPU.Build.0 = Release|Any CPU
	EndGlobalSection
	GlobalSection(SolutionProperties) = preSolution
		HideSolutionNode = FALSE
	EndGlobalSection
EndGlobal
